
Microsoft Visual Studio Solution File, Format Version 12.00
# Visual Studio Version 17
VisualStudioVersion = 17.4.33213.308
MinimumVisualStudioVersion = 10.0.40219.1
Project("{9A19103F-16F7-4668-BE54-9A1E7A4F7556}") = "CatalogInfoService", "CatalogInfoService\CatalogInfoService.csproj", "{5A09DB28-BDB5-4254-8209-B93F1DFFB6CC}"
EndProject
Project("{9A19103F-16F7-4668-BE54-9A1E7A4F7556}") = "TestProject", "TestProject\TestProject.csproj", "{303BA382-92CB-4A3C-A174-4DE9789F39F2}"
EndProject
Project("{9A19103F-16F7-4668-BE54-9A1E7A4F7556}") = "CatalogInfoModelsLibrary", "CatalogInfo\CatalogInfoModelsLibrary.csproj", "{309DEFC9-ADDC-4D16-8597-6792B013F999}"
EndProject
Project("{9A19103F-16F7-4668-BE54-9A1E7A4F7556}") = "CatalogInfoCommonLibrary", "CatalogInfoCommonLibrary\CatalogInfoCommonLibrary.csproj", "{A279183B-5CE5-4D3C-B651-BB034DA62BBE}"
EndProject
Global
	GlobalSection(SolutionConfigurationPlatforms) = preSolution
		Debug|Any CPU = Debug|Any CPU
		Release|Any CPU = Release|Any CPU
	EndGlobalSection
	GlobalSection(ProjectConfigurationPlatforms) = postSolution
		{5A09DB28-BDB5-4254-8209-B93F1DFFB6CC}.Debug|Any CPU.ActiveCfg = Debug|Any CPU
		{5A09DB28-BDB5-4254-8209-B93F1DFFB6CC}.Debug|Any CPU.Build.0 = Debug|Any CPU
		{5A09DB28-BDB5-4254-8209-B93F1DFFB6CC}.Release|Any CPU.ActiveCfg = Release|Any CPU
		{5A09DB28-BDB5-4254-8209-B93F1DFFB6CC}.Release|Any CPU.Build.0 = Release|Any CPU
		{303BA382-92CB-4A3C-A174-4DE9789F39F2}.Debug|Any CPU.ActiveCfg = Debug|Any CPU
		{303BA382-92CB-4A3C-A174-4DE9789F39F2}.Debug|Any CPU.Build.0 = Debug|Any CPU
		{303BA382-92CB-4A3C-A174-4DE9789F39F2}.Release|Any CPU.ActiveCfg = Release|Any CPU
		{303BA382-92CB-4A3C-A174-4DE9789F39F2}.Release|Any CPU.Build.0 = Release|Any CPU
		{309DEFC9-ADDC-4D16-8597-6792B013F999}.Debug|Any CPU.ActiveCfg = Debug|Any CPU
		{309DEFC9-ADDC-4D16-8597-6792B013F999}.Debug|Any CPU.Build.0 = Debug|Any CPU
		{309DEFC9-ADDC-4D16-8597-6792B013F999}.Release|Any CPU.ActiveCfg = Release|Any CPU
		{309DEFC9-ADDC-4D16-8597-6792B013F999}.Release|Any CPU.Build.0 = Release|Any CPU
		{A279183B-5CE5-4D3C-B651-BB034DA62BBE}.Debug|Any CPU.ActiveCfg = Debug|Any CPU
		{A279183B-5CE5-4D3C-B651-BB034DA62BBE}.Debug|Any CPU.Build.0 = Debug|Any CPU
		{A279183B-5CE5-4D3C-B651-BB034DA62BBE}.Release|Any CPU.ActiveCfg = Release|Any CPU
		{A279183B-5CE5-4D3C-B651-BB034DA62BBE}.Release|Any CPU.Build.0 = Release|Any CPU
	EndGlobalSection
	GlobalSection(SolutionProperties) = preSolution
		HideSolutionNode = FALSE
	EndGlobalSection
	GlobalSection(ExtensibilityGlobals) = postSolution
		SolutionGuid = {27537135-01D6-4EE2-A100-9E6B18718AE1}
	EndGlobalSection
EndGlobal
